
Microsoft Visual Studio Solution File, Format Version 12.00
# Visual Studio Version 17
VisualStudioVersion = 17.0.31903.59
MinimumVisualStudioVersion = 10.0.40219.1
Project("{FAE04EC0-301F-11D3-BF4B-00C04F79EFBC}") = "RedRepublic", "RedRepublic.csproj", "{4343311F-0578-480D-B03D-AEAD01C9E7C8}"
EndProject
Project("{FAE04EC0-301F-11D3-BF4B-00C04F79EFBC}") = "RedRepublic.Sim", "..\src\RedRepublic.Sim\RedRepublic.Sim.csproj", "{409E3755-70A6-473C-AF6D-22B46B057E40}"
EndProject
Project("{FAE04EC0-301F-11D3-BF4B-00C04F79EFBC}") = "RedRepublic.Sim.Tests", "..\src\RedRepublic.Sim.Tests\RedRepublic.Sim.Tests.csproj", "{A515D89E-0419-42CC-BF57-CBB94A1D3A31}"
EndProject
Global
	GlobalSection(SolutionConfigurationPlatforms) = preSolution
		Debug|Any CPU = Debug|Any CPU
		Debug|x64 = Debug|x64
		Debug|x86 = Debug|x86
		Release|Any CPU = Release|Any CPU
		Release|x64 = Release|x64
		Release|x86 = Release|x86
	EndGlobalSection
	GlobalSection(ProjectConfigurationPlatforms) = postSolution
		{4343311F-0578-480D-B03D-AEAD01C9E7C8}.Debug|Any CPU.ActiveCfg = Debug|Any CPU
		{4343311F-0578-480D-B03D-AEAD01C9E7C8}.Debug|Any CPU.Build.0 = Debug|Any CPU
		{4343311F-0578-480D-B03D-AEAD01C9E7C8}.Debug|x64.ActiveCfg = Debug|Any CPU
		{4343311F-0578-480D-B03D-AEAD01C9E7C8}.Debug|x64.Build.0 = Debug|Any CPU
		{4343311F-0578-480D-B03D-AEAD01C9E7C8}.Debug|x86.ActiveCfg = Debug|Any CPU
		{4343311F-0578-480D-B03D-AEAD01C9E7C8}.Debug|x86.Build.0 = Debug|Any CPU
		{4343311F-0578-480D-B03D-AEAD01C9E7C8}.Release|Any CPU.ActiveCfg = Debug|Any CPU
		{4343311F-0578-480D-B03D-AEAD01C9E7C8}.Release|Any CPU.Build.0 = Debug|Any CPU
		{4343311F-0578-480D-B03D-AEAD01C9E7C8}.Release|x64.ActiveCfg = Debug|Any CPU
		{4343311F-0578-480D-B03D-AEAD01C9E7C8}.Release|x64.Build.0 = Debug|Any CPU
		{4343311F-0578-480D-B03D-AEAD01C9E7C8}.Release|x86.ActiveCfg = Debug|Any CPU
		{4343311F-0578-480D-B03D-AEAD01C9E7C8}.Release|x86.Build.0 = Debug|Any CPU
		{409E3755-70A6-473C-AF6D-22B46B057E40}.Debug|Any CPU.ActiveCfg = Debug|Any CPU
		{409E3755-70A6-473C-AF6D-22B46B057E40}.Debug|Any CPU.Build.0 = Debug|Any CPU
		{409E3755-70A6-473C-AF6D-22B46B057E40}.Debug|x64.ActiveCfg = Debug|Any CPU
		{409E3755-70A6-473C-AF6D-22B46B057E40}.Debug|x64.Build.0 = Debug|Any CPU
		{409E3755-70A6-473C-AF6D-22B46B057E40}.Debug|x86.ActiveCfg = Debug|Any CPU
		{409E3755-70A6-473C-AF6D-22B46B057E40}.Debug|x86.Build.0 = Debug|Any CPU
		{409E3755-70A6-473C-AF6D-22B46B057E40}.Release|Any CPU.ActiveCfg = Release|Any CPU
		{409E3755-70A6-473C-AF6D-22B46B057E40}.Release|Any CPU.Build.0 = Release|Any CPU
		{409E3755-70A6-473C-AF6D-22B46B057E40}.Release|x64.ActiveCfg = Release|Any CPU
		{409E3755-70A6-473C-AF6D-22B46B057E40}.Release|x64.Build.0 = Release|Any CPU
		{409E3755-70A6-473C-AF6D-22B46B057E40}.Release|x86.ActiveCfg = Release|Any CPU
		{409E3755-70A6-473C-AF6D-22B46B057E40}.Release|x86.Build.0 = Release|Any CPU
		{A515D89E-0419-42CC-BF57-CBB94A1D3A31}.Debug|Any CPU.ActiveCfg = Debug|Any CPU
		{A515D89E-0419-42CC-BF57-CBB94A1D3A31}.Debug|Any CPU.Build.0 = Debug|Any CPU
		{A515D89E-0419-42CC-BF57-CBB94A1D3A31}.Debug|x64.ActiveCfg = Debug|Any CPU
		{A515D89E-0419-42CC-BF57-CBB94A1D3A31}.Debug|x64.Build.0 = Debug|Any CPU
		{A515D89E-0419-42CC-BF57-CBB94A1D3A31}.Debug|x86.ActiveCfg = Debug|Any CPU
		{A515D89E-0419-42CC-BF57-CBB94A1D3A31}.Debug|x86.Build.0 = Debug|Any CPU
		{A515D89E-0419-42CC-BF57-CBB94A1D3A31}.Release|Any CPU.ActiveCfg = Release|Any CPU
		{A515D89E-0419-42CC-BF57-CBB94A1D3A31}.Release|Any CPU.Build.0 = Release|Any CPU
		{A515D89E-0419-42CC-BF57-CBB94A1D3A31}.Release|x64.ActiveCfg = Release|Any CPU
		{A515D89E-0419-42CC-BF57-CBB94A1D3A31}.Release|x64.Build.0 = Release|Any CPU
		{A515D89E-0419-42CC-BF57-CBB94A1D3A31}.Release|x86.ActiveCfg = Release|Any CPU
		{A515D89E-0419-42CC-BF57-CBB94A1D3A31}.Release|x86.Build.0 = Release|Any CPU
	EndGlobalSection
	GlobalSection(SolutionProperties) = preSolution
		HideSolutionNode = FALSE
	EndGlobalSection
EndGlobal
